
Microsoft Visual Studio Solution File, Format Version 12.00
# Visual Studio Version 17
VisualStudioVersion = 17.1.32414.318
MinimumVisualStudioVersion = 10.0.40219.1
Project("{FAE04EC0-301F-11D3-BF4B-00C04F79EFBC}") = "StreamTraining", "StreamTraining\StreamTraining.csproj", "{B51FF3A1-5116-407B-8187-BFEA38D9EB84}"
EndProject
Global
	GlobalSection(SolutionConfigurationPlatforms) = preSolution
		Debug|Any CPU = Debug|Any CPU
		Release|Any CPU = Release|Any CPU
	EndGlobalSection
	GlobalSection(ProjectConfigurationPlatforms) = postSolution
		{B51FF3A1-5116-407B-8187-BFEA38D9EB84}.Debug|Any CPU.ActiveCfg = Debug|Any CPU
		{B51FF3A1-5116-407B-8187-BFEA38D9EB84}.Debug|Any CPU.Build.0 = Debug|Any CPU
		{B51FF3A1-5116-407B-8187-BFEA38D9EB84}.Release|Any CPU.ActiveCfg = Release|Any CPU
		{B51FF3A1-5116-407B-8187-BFEA38D9EB84}.Release|Any CPU.Build.0 = Release|Any CPU
	EndGlobalSection
	GlobalSection(SolutionProperties) = preSolution
		HideSolutionNode = FALSE
	EndGlobalSection
	GlobalSection(ExtensibilityGlobals) = postSolution
		SolutionGuid = {5CB3914E-3025-4EF1-9DB0-3158337ABB50}
	EndGlobalSection
EndGlobal
